
Microsoft Visual Studio Solution File, Format Version 12.00
# Visual Studio Version 17
VisualStudioVersion = 17.1.32414.318
MinimumVisualStudioVersion = 10.0.40219.1
Project("{FAE04EC0-301F-11D3-BF4B-00C04F79EFBC}") = "ResourceGroupTenants", "ResourceGroupTenants.csproj", "{E83862DB-0546-47A0-8657-D3389A20C66F}"
EndProject
Project("{FAE04EC0-301F-11D3-BF4B-00C04F79EFBC}") = "ResourceGroupTenants.Relational", "..\ResourceGroupTenants.Relational\ResourceGroupTenants.Relational.csproj", "{C6C3302A-D085-4BD5-B241-018AC7234A64}"
EndProject
Project("{FAE04EC0-301F-11D3-BF4B-00C04F79EFBC}") = "ResourceGroupTenants.Core", "..\ResourceGroupTenants.Core\ResourceGroupTenants.Core.csproj", "{FD812ECB-E98D-4E47-B710-D214D8D7414C}"
EndProject
Global
	GlobalSection(SolutionConfigurationPlatforms) = preSolution
		Debug|Any CPU = Debug|Any CPU
		Release|Any CPU = Release|Any CPU
	EndGlobalSection
	GlobalSection(ProjectConfigurationPlatforms) = postSolution
		{E83862DB-0546-47A0-8657-D3389A20C66F}.Debug|Any CPU.ActiveCfg = Debug|Any CPU
		{E83862DB-0546-47A0-8657-D3389A20C66F}.Debug|Any CPU.Build.0 = Debug|Any CPU
		{E83862DB-0546-47A0-8657-D3389A20C66F}.Release|Any CPU.ActiveCfg = Release|Any CPU
		{E83862DB-0546-47A0-8657-D3389A20C66F}.Release|Any CPU.Build.0 = Release|Any CPU
		{C6C3302A-D085-4BD5-B241-018AC7234A64}.Debug|Any CPU.ActiveCfg = Debug|Any CPU
		{C6C3302A-D085-4BD5-B241-018AC7234A64}.Debug|Any CPU.Build.0 = Debug|Any CPU
		{C6C3302A-D085-4BD5-B241-018AC7234A64}.Release|Any CPU.ActiveCfg = Release|Any CPU
		{C6C3302A-D085-4BD5-B241-018AC7234A64}.Release|Any CPU.Build.0 = Release|Any CPU
		{FD812ECB-E98D-4E47-B710-D214D8D7414C}.Debug|Any CPU.ActiveCfg = Debug|Any CPU
		{FD812ECB-E98D-4E47-B710-D214D8D7414C}.Debug|Any CPU.Build.0 = Debug|Any CPU
		{FD812ECB-E98D-4E47-B710-D214D8D7414C}.Release|Any CPU.ActiveCfg = Release|Any CPU
		{FD812ECB-E98D-4E47-B710-D214D8D7414C}.Release|Any CPU.Build.0 = Release|Any CPU
	EndGlobalSection
	GlobalSection(SolutionProperties) = preSolution
		HideSolutionNode = FALSE
	EndGlobalSection
	GlobalSection(ExtensibilityGlobals) = postSolution
		SolutionGuid = {3A18BA6C-32E6-4999-A1C6-38F1A30F71A2}
	EndGlobalSection
EndGlobal
