
Microsoft Visual Studio Solution File, Format Version 12.00
# Visual Studio Version 17
VisualStudioVersion = 17.1.32414.318
MinimumVisualStudioVersion = 10.0.40219.1
Project("{9A19103F-16F7-4668-BE54-9A1E7A4F7556}") = "ResourceGroupTenants", "ResourceGroupTenants\ResourceGroupTenants.csproj", "{6B38D4F3-AAED-420A-A2EF-599529D9A4F0}"
EndProject
Project("{9A19103F-16F7-4668-BE54-9A1E7A4F7556}") = "ResourceGroupTenants.Core", "ResourceGroupTenants.Core\ResourceGroupTenants.Core.csproj", "{1B600281-9153-4574-AD3C-E4250893DEB7}"
EndProject
Project("{9A19103F-16F7-4668-BE54-9A1E7A4F7556}") = "ResourceGroupTenants.Relational", "ResourceGroupTenants.Relational\ResourceGroupTenants.Relational.csproj", "{12AEF739-DA40-41A7-BC37-21E7D97883A4}"
EndProject
Global
	GlobalSection(SolutionConfigurationPlatforms) = preSolution
		Debug|Any CPU = Debug|Any CPU
		Release|Any CPU = Release|Any CPU
	EndGlobalSection
	GlobalSection(ProjectConfigurationPlatforms) = postSolution
		{6B38D4F3-AAED-420A-A2EF-599529D9A4F0}.Debug|Any CPU.ActiveCfg = Debug|Any CPU
		{6B38D4F3-AAED-420A-A2EF-599529D9A4F0}.Debug|Any CPU.Build.0 = Debug|Any CPU
		{6B38D4F3-AAED-420A-A2EF-599529D9A4F0}.Release|Any CPU.ActiveCfg = Release|Any CPU
		{6B38D4F3-AAED-420A-A2EF-599529D9A4F0}.Release|Any CPU.Build.0 = Release|Any CPU
		{1B600281-9153-4574-AD3C-E4250893DEB7}.Debug|Any CPU.ActiveCfg = Debug|Any CPU
		{1B600281-9153-4574-AD3C-E4250893DEB7}.Debug|Any CPU.Build.0 = Debug|Any CPU
		{1B600281-9153-4574-AD3C-E4250893DEB7}.Release|Any CPU.ActiveCfg = Release|Any CPU
		{1B600281-9153-4574-AD3C-E4250893DEB7}.Release|Any CPU.Build.0 = Release|Any CPU
		{12AEF739-DA40-41A7-BC37-21E7D97883A4}.Debug|Any CPU.ActiveCfg = Debug|Any CPU
		{12AEF739-DA40-41A7-BC37-21E7D97883A4}.Debug|Any CPU.Build.0 = Debug|Any CPU
		{12AEF739-DA40-41A7-BC37-21E7D97883A4}.Release|Any CPU.ActiveCfg = Release|Any CPU
		{12AEF739-DA40-41A7-BC37-21E7D97883A4}.Release|Any CPU.Build.0 = Release|Any CPU
	EndGlobalSection
	GlobalSection(SolutionProperties) = preSolution
		HideSolutionNode = FALSE
	EndGlobalSection
	GlobalSection(ExtensibilityGlobals) = postSolution
		SolutionGuid = {3A18BA6C-32E6-4999-A1C6-38F1A30F71A2}
	EndGlobalSection
EndGlobal
